
Microsoft Visual Studio Solution File, Format Version 12.00
# Visual Studio Version 17
VisualStudioVersion = 17.5.33516.290
MinimumVisualStudioVersion = 10.0.40219.1
Project("{9A19103F-16F7-4668-BE54-9A1E7A4F7556}") = "eShop_DAL", "eShop_DAL\eShop_DAL.csproj", "{55B7937E-6690-4029-9CEA-3258292E6B0D}"
EndProject
Project("{9A19103F-16F7-4668-BE54-9A1E7A4F7556}") = "eShop_UnitTest", "eShop_UnitTest\eShop_UnitTest.csproj", "{DBB39798-66AD-4E3F-8EC1-0F9B601D9391}"
EndProject
Project("{2150E333-8FDC-42A3-9474-1A3956D46DE8}") = "Solution Items", "Solution Items", "{3F54DB19-3E99-454D-A7FC-6684D7299B25}"
	ProjectSection(SolutionItems) = preProject
		.editorconfig = .editorconfig
	EndProjectSection
EndProject
Project("{9A19103F-16F7-4668-BE54-9A1E7A4F7556}") = "eShop_RazorPages", "eShop_RazorPages\eShop_RazorPages.csproj", "{A249D972-4502-4ADA-A3D9-7C336B55C7DB}"
EndProject
Project("{9A19103F-16F7-4668-BE54-9A1E7A4F7556}") = "eShop_API", "eShop_API\eShop_API.csproj", "{50C06A31-292B-4A51-A943-D3ABE7855F6C}"
EndProject
Project("{9A19103F-16F7-4668-BE54-9A1E7A4F7556}") = "eShop_Blazor", "eShop_Blazor\eShop_Blazor.csproj", "{6D1DC003-531A-4FBF-91A7-7CD31A2D12B0}"
EndProject
Global
	GlobalSection(SolutionConfigurationPlatforms) = preSolution
		Debug|Any CPU = Debug|Any CPU
		Release|Any CPU = Release|Any CPU
	EndGlobalSection
	GlobalSection(ProjectConfigurationPlatforms) = postSolution
		{55B7937E-6690-4029-9CEA-3258292E6B0D}.Debug|Any CPU.ActiveCfg = Debug|Any CPU
		{55B7937E-6690-4029-9CEA-3258292E6B0D}.Debug|Any CPU.Build.0 = Debug|Any CPU
		{55B7937E-6690-4029-9CEA-3258292E6B0D}.Release|Any CPU.ActiveCfg = Release|Any CPU
		{55B7937E-6690-4029-9CEA-3258292E6B0D}.Release|Any CPU.Build.0 = Release|Any CPU
		{DBB39798-66AD-4E3F-8EC1-0F9B601D9391}.Debug|Any CPU.ActiveCfg = Debug|Any CPU
		{DBB39798-66AD-4E3F-8EC1-0F9B601D9391}.Debug|Any CPU.Build.0 = Debug|Any CPU
		{DBB39798-66AD-4E3F-8EC1-0F9B601D9391}.Release|Any CPU.ActiveCfg = Release|Any CPU
		{DBB39798-66AD-4E3F-8EC1-0F9B601D9391}.Release|Any CPU.Build.0 = Release|Any CPU
		{A249D972-4502-4ADA-A3D9-7C336B55C7DB}.Debug|Any CPU.ActiveCfg = Debug|Any CPU
		{A249D972-4502-4ADA-A3D9-7C336B55C7DB}.Debug|Any CPU.Build.0 = Debug|Any CPU
		{A249D972-4502-4ADA-A3D9-7C336B55C7DB}.Release|Any CPU.ActiveCfg = Release|Any CPU
		{A249D972-4502-4ADA-A3D9-7C336B55C7DB}.Release|Any CPU.Build.0 = Release|Any CPU
		{50C06A31-292B-4A51-A943-D3ABE7855F6C}.Debug|Any CPU.ActiveCfg = Debug|Any CPU
		{50C06A31-292B-4A51-A943-D3ABE7855F6C}.Debug|Any CPU.Build.0 = Debug|Any CPU
		{50C06A31-292B-4A51-A943-D3ABE7855F6C}.Release|Any CPU.ActiveCfg = Release|Any CPU
		{50C06A31-292B-4A51-A943-D3ABE7855F6C}.Release|Any CPU.Build.0 = Release|Any CPU
		{6D1DC003-531A-4FBF-91A7-7CD31A2D12B0}.Debug|Any CPU.ActiveCfg = Debug|Any CPU
		{6D1DC003-531A-4FBF-91A7-7CD31A2D12B0}.Debug|Any CPU.Build.0 = Debug|Any CPU
		{6D1DC003-531A-4FBF-91A7-7CD31A2D12B0}.Release|Any CPU.ActiveCfg = Release|Any CPU
		{6D1DC003-531A-4FBF-91A7-7CD31A2D12B0}.Release|Any CPU.Build.0 = Release|Any CPU
	EndGlobalSection
	GlobalSection(SolutionProperties) = preSolution
		HideSolutionNode = FALSE
	EndGlobalSection
	GlobalSection(ExtensibilityGlobals) = postSolution
		SolutionGuid = {2D4EEC55-717B-4460-98CB-D73552DE6810}
	EndGlobalSection
EndGlobal
