
Microsoft Visual Studio Solution File, Format Version 12.00
# Visual Studio Version 17
VisualStudioVersion = 17.5.33516.290
MinimumVisualStudioVersion = 10.0.40219.1
Project("{9A19103F-16F7-4668-BE54-9A1E7A4F7556}") = "ConsoleApp", "ConsoleApp\ConsoleApp.csproj", "{3612A206-B423-4437-B810-7E6845F95691}"
EndProject
Project("{9A19103F-16F7-4668-BE54-9A1E7A4F7556}") = "eShop_DAL", "eShop_DAL\eShop_DAL.csproj", "{55B7937E-6690-4029-9CEA-3258292E6B0D}"
EndProject
Project("{FAE04EC0-301F-11D3-BF4B-00C04F79EFBC}") = "eShop_UnitTest", "eShop_UnitTest\eShop_UnitTest.csproj", "{DBB39798-66AD-4E3F-8EC1-0F9B601D9391}"
EndProject
Global
	GlobalSection(SolutionConfigurationPlatforms) = preSolution
		Debug|Any CPU = Debug|Any CPU
		Release|Any CPU = Release|Any CPU
	EndGlobalSection
	GlobalSection(ProjectConfigurationPlatforms) = postSolution
		{3612A206-B423-4437-B810-7E6845F95691}.Debug|Any CPU.ActiveCfg = Debug|Any CPU
		{3612A206-B423-4437-B810-7E6845F95691}.Debug|Any CPU.Build.0 = Debug|Any CPU
		{3612A206-B423-4437-B810-7E6845F95691}.Release|Any CPU.ActiveCfg = Release|Any CPU
		{3612A206-B423-4437-B810-7E6845F95691}.Release|Any CPU.Build.0 = Release|Any CPU
		{55B7937E-6690-4029-9CEA-3258292E6B0D}.Debug|Any CPU.ActiveCfg = Debug|Any CPU
		{55B7937E-6690-4029-9CEA-3258292E6B0D}.Debug|Any CPU.Build.0 = Debug|Any CPU
		{55B7937E-6690-4029-9CEA-3258292E6B0D}.Release|Any CPU.ActiveCfg = Release|Any CPU
		{55B7937E-6690-4029-9CEA-3258292E6B0D}.Release|Any CPU.Build.0 = Release|Any CPU
		{DBB39798-66AD-4E3F-8EC1-0F9B601D9391}.Debug|Any CPU.ActiveCfg = Debug|Any CPU
		{DBB39798-66AD-4E3F-8EC1-0F9B601D9391}.Debug|Any CPU.Build.0 = Debug|Any CPU
		{DBB39798-66AD-4E3F-8EC1-0F9B601D9391}.Release|Any CPU.ActiveCfg = Release|Any CPU
		{DBB39798-66AD-4E3F-8EC1-0F9B601D9391}.Release|Any CPU.Build.0 = Release|Any CPU
	EndGlobalSection
	GlobalSection(SolutionProperties) = preSolution
		HideSolutionNode = FALSE
	EndGlobalSection
	GlobalSection(ExtensibilityGlobals) = postSolution
		SolutionGuid = {2D4EEC55-717B-4460-98CB-D73552DE6810}
	EndGlobalSection
EndGlobal
